lockfileVersion: '6.0'

settings:
  autoInstallPeers: true
  excludeLinksFromLockfile: false

dependencies:
  chart.js:
    specifier: ^4.4.3
    version: 4.4.3
  ng2-charts:
    specifier: ^6.0.1
    version: 6.0.1(@angular/cdk@17.3.9)(@angular/common@17.3.9)(@angular/core@17.3.9)(@angular/platform-browser@17.3.9)(chart.js@4.4.3)(rxjs@7.8.1)

packages:

  /@angular/cdk@17.3.9(@angular/common@17.3.9)(@angular/core@17.3.9)(rxjs@7.8.1):
    resolution: {integrity: sha512-N/7Is+FkIIql5UEL/I+PV6THw+yXNCCGGpwimf/yaNgT9y1fHAmBWhDY0oQqFjCuD+kXl9gQL0ONfsl5Nlnk+w==}
    peerDependencies:
      '@angular/common': ^17.0.0 || ^18.0.0
      '@angular/core': ^17.0.0 || ^18.0.0
      rxjs: ^6.5.3 || ^7.4.0
    dependencies:
      '@angular/common': 17.3.9(@angular/core@17.3.9)(rxjs@7.8.1)
      '@angular/core': 17.3.9(rxjs@7.8.1)(zone.js@0.14.6)
      rxjs: 7.8.1
      tslib: 2.6.2
    optionalDependencies:
      parse5: 7.1.2
    dev: false

  /@angular/common@17.3.9(@angular/core@17.3.9)(rxjs@7.8.1):
    resolution: {integrity: sha512-tH1VfbAvNVaz6ZYa+q0DiKtbmUql1jK/3q/af74B8nVjKLHcXVWwxvBayqvrmlUt7FGANGkETIcCWrB44k47Ug==}
    engines: {node: ^18.13.0 || >=20.9.0}
    peerDependencies:
      '@angular/core': 17.3.9
      rxjs: ^6.5.3 || ^7.4.0
    dependencies:
      '@angular/core': 17.3.9(rxjs@7.8.1)(zone.js@0.14.6)
      rxjs: 7.8.1
      tslib: 2.6.2
    dev: false

  /@angular/core@17.3.9(rxjs@7.8.1)(zone.js@0.14.6):
    resolution: {integrity: sha512-x+h5BQ6islvYWGVLTz1CEgNq1/5IYngQ+Inq/tWayM6jN7RPOCydCCbCw+uOZS7MgFebkP0gYTVm14y1MRFKSQ==}
    engines: {node: ^18.13.0 || >=20.9.0}
    peerDependencies:
      rxjs: ^6.5.3 || ^7.4.0
      zone.js: ~0.14.0
    dependencies:
      rxjs: 7.8.1
      tslib: 2.6.2
      zone.js: 0.14.6
    dev: false

  /@angular/platform-browser@17.3.9(@angular/common@17.3.9)(@angular/core@17.3.9):
    resolution: {integrity: sha512-vMwHO76rnkz7aV3KHKy23KUFAo/+b0+yHPa6AND5Lee8z5C1J/tA2PdetFAsghlQQsX61JeK4MFJV/f3dFm2dw==}
    engines: {node: ^18.13.0 || >=20.9.0}
    peerDependencies:
      '@angular/animations': 17.3.9
      '@angular/common': 17.3.9
      '@angular/core': 17.3.9
    peerDependenciesMeta:
      '@angular/animations':
        optional: true
    dependencies:
      '@angular/common': 17.3.9(@angular/core@17.3.9)(rxjs@7.8.1)
      '@angular/core': 17.3.9(rxjs@7.8.1)(zone.js@0.14.6)
      tslib: 2.6.2
    dev: false

  /@kurkle/color@0.3.2:
    resolution: {integrity: sha512-fuscdXJ9G1qb7W8VdHi+IwRqij3lBkosAm4ydQtEmbY58OzHXqQhvlxqEkoz0yssNVn38bcpRWgA9PP+OGoisw==}
    dev: false

  /chart.js@4.4.3:
    resolution: {integrity: sha512-qK1gkGSRYcJzqrrzdR6a+I0vQ4/R+SoODXyAjscQ/4mzuNzySaMCd+hyVxitSY1+L2fjPD1Gbn+ibNqRmwQeLw==}
    engines: {pnpm: '>=8'}
    dependencies:
      '@kurkle/color': 0.3.2
    dev: false

  /entities@4.5.0:
    resolution: {integrity: sha512-V0hjH4dGPh9Ao5p0MoRY6BVqtwCjhz6vI5LT8AJ55H+4g9/4vbHx1I54fS0XuclLhDHArPQCiMjDxjaL8fPxhw==}
    engines: {node: '>=0.12'}
    requiresBuild: true
    dev: false
    optional: true

  /lodash-es@4.17.21:
    resolution: {integrity: sha512-mKnC+QJ9pWVzv+C4/U3rRsHapFfHvQFoFB92e52xeyGMcX6/OlIl78je1u8vePzYZSkkogMPJ2yjxxsb89cxyw==}
    dev: false

  /ng2-charts@6.0.1(@angular/cdk@17.3.9)(@angular/common@17.3.9)(@angular/core@17.3.9)(@angular/platform-browser@17.3.9)(chart.js@4.4.3)(rxjs@7.8.1):
    resolution: {integrity: sha512-pO7evbvHqjiKB7zqE12tCKWQI9gmQ8DVOEaWBBLlxJabc4fLGk7o9t4jC4+Q9pJiQrTtQkugm0dIPQ4PFHUaWA==}
    peerDependencies:
      '@angular/cdk': '>=17.0.0'
      '@angular/common': '>=17.0.0'
      '@angular/core': '>=17.0.0'
      '@angular/platform-browser': '>=17.0.0'
      chart.js: ^3.4.0 || ^4.0.0
      rxjs: ^6.5.3 || ^7.4.0
    dependencies:
      '@angular/cdk': 17.3.9(@angular/common@17.3.9)(@angular/core@17.3.9)(rxjs@7.8.1)
      '@angular/common': 17.3.9(@angular/core@17.3.9)(rxjs@7.8.1)
      '@angular/core': 17.3.9(rxjs@7.8.1)(zone.js@0.14.6)
      '@angular/platform-browser': 17.3.9(@angular/common@17.3.9)(@angular/core@17.3.9)
      chart.js: 4.4.3
      lodash-es: 4.17.21
      rxjs: 7.8.1
      tslib: 2.6.2
    dev: false

  /parse5@7.1.2:
    resolution: {integrity: sha512-Czj1WaSVpaoj0wbhMzLmWD69anp2WH7FXMB9n1Sy8/ZFF9jolSQVMu1Ij5WIyGmcBmhk7EOndpO4mIpihVqAXw==}
    requiresBuild: true
    dependencies:
      entities: 4.5.0
    dev: false
    optional: true

  /rxjs@7.8.1:
    resolution: {integrity: sha512-AA3TVj+0A2iuIoQkWEK/tqFjBq2j+6PO6Y0zJcvzLAFhEFIO3HL0vls9hWLncZbAAbK0mar7oZ4V079I/qPMxg==}
    dependencies:
      tslib: 2.6.2
    dev: false

  /tslib@2.6.2:
    resolution: {integrity: sha512-AEYxH93jGFPn/a2iVAwW87VuUIkR1FVUKB77NwMF7nBTDkDrrT/Hpt/IrCJ0QXhW27jTBDcf5ZY7w6RiqTMw2Q==}
    dev: false

  /zone.js@0.14.6:
    resolution: {integrity: sha512-vyRNFqofdaHVdWAy7v3Bzmn84a1JHWSjpuTZROT/uYn8I3p2cmo7Ro9twFmYRQDPhiYOV7QLk0hhY4JJQVqS6Q==}
    dev: false
